
Microsoft Visual Studio Solution File, Format Version 12.00
# Visual Studio Version 16
VisualStudioVersion = 16.0.31313.79
MinimumVisualStudioVersion = 10.0.40219.1
Project("{9A19103F-16F7-4668-BE54-9A1E7A4F7556}") = "CNABParser.MVC", "CNABParser.MVC\CNABParser.MVC.csproj", "{08EEFF2F-741E-465C-BDEC-8619365C0816}"
EndProject
Project("{9A19103F-16F7-4668-BE54-9A1E7A4F7556}") = "CNABParser.Data", "CNABParser.Data\CNABParser.Data.csproj", "{03399803-3A7C-4ACF-B07C-700ECBA7E6F8}"
EndProject
Global
	GlobalSection(SolutionConfigurationPlatforms) = preSolution
		Debug|Any CPU = Debug|Any CPU
		Release|Any CPU = Release|Any CPU
	EndGlobalSection
	GlobalSection(ProjectConfigurationPlatforms) = postSolution
		{08EEFF2F-741E-465C-BDEC-8619365C0816}.Debug|Any CPU.ActiveCfg = Debug|Any CPU
		{08EEFF2F-741E-465C-BDEC-8619365C0816}.Debug|Any CPU.Build.0 = Debug|Any CPU
		{08EEFF2F-741E-465C-BDEC-8619365C0816}.Release|Any CPU.ActiveCfg = Release|Any CPU
		{08EEFF2F-741E-465C-BDEC-8619365C0816}.Release|Any CPU.Build.0 = Release|Any CPU
		{03399803-3A7C-4ACF-B07C-700ECBA7E6F8}.Debug|Any CPU.ActiveCfg = Debug|Any CPU
		{03399803-3A7C-4ACF-B07C-700ECBA7E6F8}.Debug|Any CPU.Build.0 = Debug|Any CPU
		{03399803-3A7C-4ACF-B07C-700ECBA7E6F8}.Release|Any CPU.ActiveCfg = Release|Any CPU
		{03399803-3A7C-4ACF-B07C-700ECBA7E6F8}.Release|Any CPU.Build.0 = Release|Any CPU
	EndGlobalSection
	GlobalSection(SolutionProperties) = preSolution
		HideSolutionNode = FALSE
	EndGlobalSection
	GlobalSection(ExtensibilityGlobals) = postSolution
		SolutionGuid = {FA449E60-86E1-4DDB-B3CE-D3D62B7ADE10}
	EndGlobalSection
EndGlobal
